// !$*UTF8*$!
{
	archiveVersion = 1;
	classes = {
	};
	objectVersion = 45;
	objects = {

/* Begin PBXBuildFile section */
		1D3623260D0F684500981E51 /* OCRDemoAppDelegate.mm in Sources */ = {isa = PBXBuildFile; fileRef = 1D3623250D0F684500981E51 /* OCRDemoAppDelegate.mm */; };
		1D60589B0D05DD56006BFB54 /* main.mm in Sources */ = {isa = PBXBuildFile; fileRef = 29B97316FDCFA39411CA2CEA /* main.mm */; };
		1D60589F0D05DD5A006BFB54 /* Foundation.framework in Frameworks */ = {isa = PBXBuildFile; fileRef = 1D30AB110D05D00D00671497 /* Foundation.framework */; };
		1DF5F4E00D08C38300B7A737 /* UIKit.framework in Frameworks */ = {isa = PBXBuildFile; fileRef = 1DF5F4DF0D08C38300B7A737 /* UIKit.framework */; };
		288765A50DF7441C002DB57D /* CoreGraphics.framework in Frameworks */ = {isa = PBXBuildFile; fileRef = 288765A40DF7441C002DB57D /* CoreGraphics.framework */; };
		2899E5220DE3E06400AC0155 /* OCRDemoViewController.xib in Resources */ = {isa = PBXBuildFile; fileRef = 2899E5210DE3E06400AC0155 /* OCRDemoViewController.xib */; };
		28AD733F0D9D9553002E5188 /* MainWindow.xib in Resources */ = {isa = PBXBuildFile; fileRef = 28AD733E0D9D9553002E5188 /* MainWindow.xib */; };
		28D7ACF80DDB3853001CB0EB /* OCRDemoViewController.mm in Sources */ = {isa = PBXBuildFile; fileRef = 28D7ACF70DDB3853001CB0EB /* OCRDemoViewController.mm */; };
		B118EC9D10EC89DF006327EB /* OpenGLES.framework in Frameworks */ = {isa = PBXBuildFile; fileRef = B118EC9C10EC89DF006327EB /* OpenGLES.framework */; };
		B118EC9F10EC89DF006327EB /* QuartzCore.framework in Frameworks */ = {isa = PBXBuildFile; fileRef = B118EC9E10EC89DF006327EB /* QuartzCore.framework */; };
		E87B40D613DB1C29004634DC /* libtesseract_api.a in Frameworks */ = {isa = PBXBuildFile; fileRef = E87B40CA13DB1C29004634DC /* libtesseract_api.a */; };
		E87B40D713DB1C29004634DC /* libtesseract_ccstruct.a in Frameworks */ = {isa = PBXBuildFile; fileRef = E87B40CB13DB1C29004634DC /* libtesseract_ccstruct.a */; };
		E87B40D813DB1C29004634DC /* libtesseract_ccutil.a in Frameworks */ = {isa = PBXBuildFile; fileRef = E87B40CC13DB1C29004634DC /* libtesseract_ccutil.a */; };
		E87B40D913DB1C29004634DC /* libtesseract_classify.a in Frameworks */ = {isa = PBXBuildFile; fileRef = E87B40CD13DB1C29004634DC /* libtesseract_classify.a */; };
		E87B40DA13DB1C29004634DC /* libtesseract_cutil.a in Frameworks */ = {isa = PBXBuildFile; fileRef = E87B40CE13DB1C29004634DC /* libtesseract_cutil.a */; };
		E87B40DB13DB1C29004634DC /* libtesseract_dict.a in Frameworks */ = {isa = PBXBuildFile; fileRef = E87B40CF13DB1C29004634DC /* libtesseract_dict.a */; };
		E87B40DC13DB1C29004634DC /* libtesseract_image.a in Frameworks */ = {isa = PBXBuildFile; fileRef = E87B40D013DB1C29004634DC /* libtesseract_image.a */; };
		E87B40DD13DB1C29004634DC /* libtesseract_main.a in Frameworks */ = {isa = PBXBuildFile; fileRef = E87B40D113DB1C29004634DC /* libtesseract_main.a */; };
		E87B40DE13DB1C29004634DC /* libtesseract_textord.a in Frameworks */ = {isa = PBXBuildFile; fileRef = E87B40D213DB1C29004634DC /* libtesseract_textord.a */; };
		E87B40DF13DB1C29004634DC /* libtesseract_training.a in Frameworks */ = {isa = PBXBuildFile; fileRef = E87B40D313DB1C29004634DC /* libtesseract_training.a */; };
		E87B40E013DB1C29004634DC /* libtesseract_viewer.a in Frameworks */ = {isa = PBXBuildFile; fileRef = E87B40D413DB1C29004634DC /* libtesseract_viewer.a */; };
		E87B40E113DB1C29004634DC /* libtesseract_wordrec.a in Frameworks */ = {isa = PBXBuildFile; fileRef = E87B40D513DB1C29004634DC /* libtesseract_wordrec.a */; };
		E87B419213DB240D004634DC /* tessdata in Resources */ = {isa = PBXBuildFile; fileRef = E87B418F13DB240D004634DC /* tessdata */; };
/* End PBXBuildFile section */

/* Begin PBXFileReference section */
		1D30AB110D05D00D00671497 /* Foundation.framework */ = {isa = PBXFileReference; lastKnownFileType = wrapper.framework; name = Foundation.framework; path = System/Library/Frameworks/Foundation.framework; sourceTree = SDKROOT; };
		1D3623240D0F684500981E51 /* OCRDemoAppDelegate.h */ = {isa = PBXFileReference; fileEncoding = 4; lastKnownFileType = sourcecode.c.h; path = OCRDemoAppDelegate.h; sourceTree = "<group>"; };
		1D3623250D0F684500981E51 /* OCRDemoAppDelegate.mm */ = {isa = PBXFileReference; fileEncoding = 4; lastKnownFileType = sourcecode.cpp.objcpp; path = OCRDemoAppDelegate.mm; sourceTree = "<group>"; };
		1D6058910D05DD3D006BFB54 /* OCRDemo.app */ = {isa = PBXFileReference; explicitFileType = wrapper.application; includeInIndex = 0; path = OCRDemo.app; sourceTree = BUILT_PRODUCTS_DIR; };
		1DF5F4DF0D08C38300B7A737 /* UIKit.framework */ = {isa = PBXFileReference; lastKnownFileType = wrapper.framework; name = UIKit.framework; path = System/Library/Frameworks/UIKit.framework; sourceTree = SDKROOT; };
		288765A40DF7441C002DB57D /* CoreGraphics.framework */ = {isa = PBXFileReference; lastKnownFileType = wrapper.framework; name = CoreGraphics.framework; path = System/Library/Frameworks/CoreGraphics.framework; sourceTree = SDKROOT; };
		2899E5210DE3E06400AC0155 /* OCRDemoViewController.xib */ = {isa = PBXFileReference; lastKnownFileType = file.xib; path = OCRDemoViewController.xib; sourceTree = "<group>"; };
		28AD733E0D9D9553002E5188 /* MainWindow.xib */ = {isa = PBXFileReference; lastKnownFileType = file.xib; path = MainWindow.xib; sourceTree = "<group>"; };
		28D7ACF60DDB3853001CB0EB /* OCRDemoViewController.h */ = {isa = PBXFileReference; fileEncoding = 4; lastKnownFileType = sourcecode.c.h; path = OCRDemoViewController.h; sourceTree = "<group>"; };
		28D7ACF70DDB3853001CB0EB /* OCRDemoViewController.mm */ = {isa = PBXFileReference; fileEncoding = 4; lastKnownFileType = sourcecode.cpp.objcpp; path = OCRDemoViewController.mm; sourceTree = "<group>"; };
		29B97316FDCFA39411CA2CEA /* main.mm */ = {isa = PBXFileReference; fileEncoding = 4; lastKnownFileType = sourcecode.cpp.objcpp; path = main.mm; sourceTree = "<group>"; };
		32CA4F630368D1EE00C91783 /* OCRDemo_Prefix.pch */ = {isa = PBXFileReference; fileEncoding = 4; lastKnownFileType = sourcecode.c.h; path = OCRDemo_Prefix.pch; sourceTree = "<group>"; };
		8D1107310486CEB800E47090 /* OCRDemo-Info.plist */ = {isa = PBXFileReference; fileEncoding = 4; lastKnownFileType = text.plist.xml; path = "OCRDemo-Info.plist"; plistStructureDefinitionIdentifier = "com.apple.xcode.plist.structure-definition.iphone.info-plist"; sourceTree = "<group>"; };
		B118EC9C10EC89DF006327EB /* OpenGLES.framework */ = {isa = PBXFileReference; lastKnownFileType = wrapper.framework; name = OpenGLES.framework; path = System/Library/Frameworks/OpenGLES.framework; sourceTree = SDKROOT; };
		B118EC9E10EC89DF006327EB /* QuartzCore.framework */ = {isa = PBXFileReference; lastKnownFileType = wrapper.framework; name = QuartzCore.framework; path = System/Library/Frameworks/QuartzCore.framework; sourceTree = SDKROOT; };
		E87B40CA13DB1C29004634DC /* libtesseract_api.a */ = {isa = PBXFileReference; lastKnownFileType = archive.ar; name = libtesseract_api.a; path = "../tesseract-3.00/outdir/libtesseract_api.a"; sourceTree = SOURCE_ROOT; };
		E87B40CB13DB1C29004634DC /* libtesseract_ccstruct.a */ = {isa = PBXFileReference; lastKnownFileType = archive.ar; name = libtesseract_ccstruct.a; path = "../tesseract-3.00/outdir/libtesseract_ccstruct.a"; sourceTree = SOURCE_ROOT; };
		E87B40CC13DB1C29004634DC /* libtesseract_ccutil.a */ = {isa = PBXFileReference; lastKnownFileType = archive.ar; name = libtesseract_ccutil.a; path = "../tesseract-3.00/outdir/libtesseract_ccutil.a"; sourceTree = SOURCE_ROOT; };
		E87B40CD13DB1C29004634DC /* libtesseract_classify.a */ = {isa = PBXFileReference; lastKnownFileType = archive.ar; name = libtesseract_classify.a; path = "../tesseract-3.00/outdir/libtesseract_classify.a"; sourceTree = SOURCE_ROOT; };
		E87B40CE13DB1C29004634DC /* libtesseract_cutil.a */ = {isa = PBXFileReference; lastKnownFileType = archive.ar; name = libtesseract_cutil.a; path = "../tesseract-3.00/outdir/libtesseract_cutil.a"; sourceTree = SOURCE_ROOT; };
		E87B40CF13DB1C29004634DC /* libtesseract_dict.a */ = {isa = PBXFileReference; lastKnownFileType = archive.ar; name = libtesseract_dict.a; path = "../tesseract-3.00/outdir/libtesseract_dict.a"; sourceTree = SOURCE_ROOT; };
		E87B40D013DB1C29004634DC /* libtesseract_image.a */ = {isa = PBXFileReference; lastKnownFileType = archive.ar; name = libtesseract_image.a; path = "../tesseract-3.00/outdir/libtesseract_image.a"; sourceTree = SOURCE_ROOT; };
		E87B40D113DB1C29004634DC /* libtesseract_main.a */ = {isa = PBXFileReference; lastKnownFileType = archive.ar; name = libtesseract_main.a; path = "../tesseract-3.00/outdir/libtesseract_main.a"; sourceTree = SOURCE_ROOT; };
		E87B40D213DB1C29004634DC /* libtesseract_textord.a */ = {isa = PBXFileReference; lastKnownFileType = archive.ar; name = libtesseract_textord.a; path = "../tesseract-3.00/outdir/libtesseract_textord.a"; sourceTree = SOURCE_ROOT; };
		E87B40D313DB1C29004634DC /* libtesseract_training.a */ = {isa = PBXFileReference; lastKnownFileType = archive.ar; name = libtesseract_training.a; path = "../tesseract-3.00/outdir/libtesseract_training.a"; sourceTree = SOURCE_ROOT; };
		E87B40D413DB1C29004634DC /* libtesseract_viewer.a */ = {isa = PBXFileReference; lastKnownFileType = archive.ar; name = libtesseract_viewer.a; path = "../tesseract-3.00/outdir/libtesseract_viewer.a"; sourceTree = SOURCE_ROOT; };
		E87B40D513DB1C29004634DC /* libtesseract_wordrec.a */ = {isa = PBXFileReference; lastKnownFileType = archive.ar; name = libtesseract_wordrec.a; path = "../tesseract-3.00/outdir/libtesseract_wordrec.a"; sourceTree = SOURCE_ROOT; };
		E87B418F13DB240D004634DC /* tessdata */ = {isa = PBXFileReference; lastKnownFileType = folder; path = tessdata; sourceTree = "<group>"; };
/* End PBXFileReference section */

/* Begin PBXFrameworksBuildPhase section */
		1D60588F0D05DD3D006BFB54 /* Frameworks */ = {
			isa = PBXFrameworksBuildPhase;
			buildActionMask = 2147483647;
			files = (
				1D60589F0D05DD5A006BFB54 /* Foundation.framework in Frameworks */,
				1DF5F4E00D08C38300B7A737 /* UIKit.framework in Frameworks */,
				288765A50DF7441C002DB57D /* CoreGraphics.framework in Frameworks */,
				B118EC9D10EC89DF006327EB /* OpenGLES.framework in Frameworks */,
				B118EC9F10EC89DF006327EB /* QuartzCore.framework in Frameworks */,
				E87B40D613DB1C29004634DC /* libtesseract_api.a in Frameworks */,
				E87B40D713DB1C29004634DC /* libtesseract_ccstruct.a in Frameworks */,
				E87B40D813DB1C29004634DC /* libtesseract_ccutil.a in Frameworks */,
				E87B40D913DB1C29004634DC /* libtesseract_classify.a in Frameworks */,
				E87B40DA13DB1C29004634DC /* libtesseract_cutil.a in Frameworks */,
				E87B40DB13DB1C29004634DC /* libtesseract_dict.a in Frameworks */,
				E87B40DC13DB1C29004634DC /* libtesseract_image.a in Frameworks */,
				E87B40DD13DB1C29004634DC /* libtesseract_main.a in Frameworks */,
				E87B40DE13DB1C29004634DC /* libtesseract_textord.a in Frameworks */,
				E87B40DF13DB1C29004634DC /* libtesseract_training.a in Frameworks */,
				E87B40E013DB1C29004634DC /* libtesseract_viewer.a in Frameworks */,
				E87B40E113DB1C29004634DC /* libtesseract_wordrec.a in Frameworks */,
			);
			runOnlyForDeploymentPostprocessing = 0;
		};
/* End PBXFrameworksBuildPhase section */

/* Begin PBXGroup section */
		080E96DDFE201D6D7F000001 /* Classes */ = {
			isa = PBXGroup;
			children = (
				1D3623240D0F684500981E51 /* OCRDemoAppDelegate.h */,
				1D3623250D0F684500981E51 /* OCRDemoAppDelegate.mm */,
				28D7ACF60DDB3853001CB0EB /* OCRDemoViewController.h */,
				28D7ACF70DDB3853001CB0EB /* OCRDemoViewController.mm */,
			);
			path = Classes;
			sourceTree = "<group>";
		};
		19C28FACFE9D520D11CA2CBB /* Products */ = {
			isa = PBXGroup;
			children = (
				1D6058910D05DD3D006BFB54 /* OCRDemo.app */,
			);
			name = Products;
			sourceTree = "<group>";
		};
		29B97314FDCFA39411CA2CEA /* CustomTemplate */ = {
			isa = PBXGroup;
			children = (
				080E96DDFE201D6D7F000001 /* Classes */,
				29B97315FDCFA39411CA2CEA /* Other Sources */,
				29B97317FDCFA39411CA2CEA /* Resources */,
				29B97323FDCFA39411CA2CEA /* Frameworks */,
				19C28FACFE9D520D11CA2CBB /* Products */,
			);
			name = CustomTemplate;
			sourceTree = "<group>";
		};
		29B97315FDCFA39411CA2CEA /* Other Sources */ = {
			isa = PBXGroup;
			children = (
				32CA4F630368D1EE00C91783 /* OCRDemo_Prefix.pch */,
				29B97316FDCFA39411CA2CEA /* main.mm */,
			);
			name = "Other Sources";
			sourceTree = "<group>";
		};
		29B97317FDCFA39411CA2CEA /* Resources */ = {
			isa = PBXGroup;
			children = (
				E87B418F13DB240D004634DC /* tessdata */,
				2899E5210DE3E06400AC0155 /* OCRDemoViewController.xib */,
				28AD733E0D9D9553002E5188 /* MainWindow.xib */,
				8D1107310486CEB800E47090 /* OCRDemo-Info.plist */,
			);
			name = Resources;
			sourceTree = "<group>";
		};
		29B97323FDCFA39411CA2CEA /* Frameworks */ = {
			isa = PBXGroup;
			children = (
				E87B40CA13DB1C29004634DC /* libtesseract_api.a */,
				E87B40CB13DB1C29004634DC /* libtesseract_ccstruct.a */,
				E87B40CC13DB1C29004634DC /* libtesseract_ccutil.a */,
				E87B40CD13DB1C29004634DC /* libtesseract_classify.a */,
				E87B40CE13DB1C29004634DC /* libtesseract_cutil.a */,
				E87B40CF13DB1C29004634DC /* libtesseract_dict.a */,
				E87B40D013DB1C29004634DC /* libtesseract_image.a */,
				E87B40D113DB1C29004634DC /* libtesseract_main.a */,
				E87B40D213DB1C29004634DC /* libtesseract_textord.a */,
				E87B40D313DB1C29004634DC /* libtesseract_training.a */,
				E87B40D413DB1C29004634DC /* libtesseract_viewer.a */,
				E87B40D513DB1C29004634DC /* libtesseract_wordrec.a */,
				B118EC9C10EC89DF006327EB /* OpenGLES.framework */,
				B118EC9E10EC89DF006327EB /* QuartzCore.framework */,
				1DF5F4DF0D08C38300B7A737 /* UIKit.framework */,
				1D30AB110D05D00D00671497 /* Foundation.framework */,
				288765A40DF7441C002DB57D /* CoreGraphics.framework */,
			);
			name = Frameworks;
			sourceTree = "<group>";
		};
/* End PBXGroup section */

/* Begin PBXNativeTarget section */
		1D6058900D05DD3D006BFB54 /* OCRDemo */ = {
			isa = PBXNativeTarget;
			buildConfigurationList = 1D6058960D05DD3E006BFB54 /* Build configuration list for PBXNativeTarget "OCRDemo" */;
			buildPhases = (
				1D60588D0D05DD3D006BFB54 /* Resources */,
				1D60588E0D05DD3D006BFB54 /* Sources */,
				1D60588F0D05DD3D006BFB54 /* Frameworks */,
			);
			buildRules = (
			);
			dependencies = (
			);
			name = OCRDemo;
			productName = OCRDemo;
			productReference = 1D6058910D05DD3D006BFB54 /* OCRDemo.app */;
			productType = "com.apple.product-type.application";
		};
/* End PBXNativeTarget section */

/* Begin PBXProject section */
		29B97313FDCFA39411CA2CEA /* Project object */ = {
			isa = PBXProject;
			buildConfigurationList = C01FCF4E08A954540054247B /* Build configuration list for PBXProject "OCRDemo" */;
			compatibilityVersion = "Xcode 3.1";
			developmentRegion = English;
			hasScannedForEncodings = 1;
			knownRegions = (
				English,
				Japanese,
				French,
				German,
			);
			mainGroup = 29B97314FDCFA39411CA2CEA /* CustomTemplate */;
			projectDirPath = "";
			projectRoot = "";
			targets = (
				1D6058900D05DD3D006BFB54 /* OCRDemo */,
			);
		};
/* End PBXProject section */

/* Begin PBXResourcesBuildPhase section */
		1D60588D0D05DD3D006BFB54 /* Resources */ = {
			isa = PBXResourcesBuildPhase;
			buildActionMask = 2147483647;
			files = (
				28AD733F0D9D9553002E5188 /* MainWindow.xib in Resources */,
				2899E5220DE3E06400AC0155 /* OCRDemoViewController.xib in Resources */,
				E87B419213DB240D004634DC /* tessdata in Resources */,
			);
			runOnlyForDeploymentPostprocessing = 0;
		};
/* End PBXResourcesBuildPhase section */

/* Begin PBXSourcesBuildPhase section */
		1D60588E0D05DD3D006BFB54 /* Sources */ = {
			isa = PBXSourcesBuildPhase;
			buildActionMask = 2147483647;
			files = (
				1D60589B0D05DD56006BFB54 /* main.mm in Sources */,
				1D3623260D0F684500981E51 /* OCRDemoAppDelegate.mm in Sources */,
				28D7ACF80DDB3853001CB0EB /* OCRDemoViewController.mm in Sources */,
			);
			runOnlyForDeploymentPostprocessing = 0;
		};
/* End PBXSourcesBuildPhase section */

/* Begin XCBuildConfiguration section */
		1D6058940D05DD3E006BFB54 /* Debug */ = {
			isa = XCBuildConfiguration;
			buildSettings = {
				ALWAYS_SEARCH_USER_PATHS = NO;
				COPY_PHASE_STRIP = NO;
				GCC_DYNAMIC_NO_PIC = NO;
				GCC_OPTIMIZATION_LEVEL = 0;
				GCC_PRECOMPILE_PREFIX_HEADER = YES;
				GCC_PREFIX_HEADER = OCRDemo_Prefix.pch;
				INFOPLIST_FILE = "OCRDemo-Info.plist";
				LIBRARY_SEARCH_PATHS = (
					"$(inherited)",
					"\"$(SRCROOT)\"",
					"\"$(SRCROOT)/../tesseract-3.00/outdir\"",
				);
				ONLY_ACTIVE_ARCH = NO;
				PRODUCT_NAME = OCRDemo;
				USER_HEADER_SEARCH_PATHS = "\"$(SRCROOT)/../tesseract-3.00\"/**";
			};
			name = Debug;
		};
		1D6058950D05DD3E006BFB54 /* Release */ = {
			isa = XCBuildConfiguration;
			buildSettings = {
				ALWAYS_SEARCH_USER_PATHS = NO;
				COPY_PHASE_STRIP = YES;
				GCC_PRECOMPILE_PREFIX_HEADER = YES;
				GCC_PREFIX_HEADER = OCRDemo_Prefix.pch;
				INFOPLIST_FILE = "OCRDemo-Info.plist";
				LIBRARY_SEARCH_PATHS = (
					"$(inherited)",
					"\"$(SRCROOT)\"",
					"\"$(SRCROOT)/../tesseract-3.00/outdir\"",
				);
				PRODUCT_NAME = OCRDemo;
			};
			name = Release;
		};
		C01FCF4F08A954540054247B /* Debug */ = {
			isa = XCBuildConfiguration;
			buildSettings = {
				ARCHS = "$(ARCHS_STANDARD_32_BIT)";
				CODE_SIGN_IDENTITY = "iPhone Developer: Mingo Chin (8QB9M8LGVA)";
				GCC_C_LANGUAGE_STANDARD = c99;
				GCC_WARN_ABOUT_RETURN_TYPE = YES;
				GCC_WARN_UNUSED_VARIABLE = YES;
				OTHER_CFLAGS = "";
				OTHER_CPLUSPLUSFLAGS = "$(OTHER_CFLAGS)";
				OTHER_LDFLAGS = (
					"-ObjC",
					"-stdc++",
				);
				PREBINDING = NO;
				PROVISIONING_PROFILE = "694E0172-0D02-496F-BF94-0B6CB86BBFBE";
				SDKROOT = iphoneos;
				VALID_ARCHS = armv6;
			};
			name = Debug;
		};
		C01FCF5008A954540054247B /* Release */ = {
			isa = XCBuildConfiguration;
			buildSettings = {
				ARCHS = "$(ARCHS_STANDARD_32_BIT)";
				CODE_SIGN_IDENTITY = "iPhone Developer: Mingo Chin (8QB9M8LGVA)";
				GCC_C_LANGUAGE_STANDARD = c99;
				GCC_WARN_ABOUT_RETURN_TYPE = YES;
				GCC_WARN_UNUSED_VARIABLE = YES;
				PREBINDING = NO;
				PROVISIONING_PROFILE = "694E0172-0D02-496F-BF94-0B6CB86BBFBE";
				SDKROOT = iphoneos;
			};
			name = Release;
		};
/* End XCBuildConfiguration section */

/* Begin XCConfigurationList section */
		1D6058960D05DD3E006BFB54 /* Build configuration list for PBXNativeTarget "OCRDemo" */ = {
			isa = XCConfigurationList;
			buildConfigurations = (
				1D6058940D05DD3E006BFB54 /* Debug */,
				1D6058950D05DD3E006BFB54 /* Release */,
			);
			defaultConfigurationIsVisible = 0;
			defaultConfigurationName = Release;
		};
		C01FCF4E08A954540054247B /* Build configuration list for PBXProject "OCRDemo" */ = {
			isa = XCConfigurationList;
			buildConfigurations = (
				C01FCF4F08A954540054247B /* Debug */,
				C01FCF5008A954540054247B /* Release */,
			);
			defaultConfigurationIsVisible = 0;
			defaultConfigurationName = Release;
		};
/* End XCConfigurationList section */
	};
	rootObject = 29B97313FDCFA39411CA2CEA /* Project object */;
}
